<?xml version="1.0" encoding="utf-8"?>
<Project ToolsVersion="4.0" xmlns="http://schemas.microsoft.com/developer/msbuild/2003">
  <ItemGroup>
    <Filter Include="Platform">
      <UniqueIdentifier>{2AC788B4-1694-E3BF-3FAD-D1672BD9184E}</UniqueIdentifier>
    </Filter>
    <Filter Include="Platform\OpenGL">
      <UniqueIdentifier>{1E7D2C1D-8A08-9AE1-9319-1DD6FF23F6E1}</UniqueIdentifier>
    </Filter>
    <Filter Include="Platform\Windows">
      <UniqueIdentifier>{64FBD71A-50F4-F66C-7926-DCF1657ED678}</UniqueIdentifier>
    </Filter>
    <Filter Include="PolyEngine">
      <UniqueIdentifier>{3F82F1B1-2B3A-33FF-9441-0C5B8018CEEF}</UniqueIdentifier>
    </Filter>
    <Filter Include="PolyEngine\Events">
      <UniqueIdentifier>{43519456-AF67-92EC-F8DE-1D0E64346374}</UniqueIdentifier>
    </Filter>
    <Filter Include="PolyEngine\ImGui">
      <UniqueIdentifier>{A96A281A-9563-476C-BE95-2CF1AAED2678}</UniqueIdentifier>
    </Filter>
  </ItemGroup>
  <ItemGroup>
    <ClInclude Include="src\Platform\OpenGL\ImGuiOpenGlRenderer.h">
      <Filter>Platform\OpenGL</Filter>
    </ClInclude>
    <ClInclude Include="src\Platform\Windows\WindowsWindow.h">
      <Filter>Platform\Windows</Filter>
    </ClInclude>
    <ClInclude Include="src\PolyEngine.h" />
    <ClInclude Include="src\PolyEngine\Application.h">
      <Filter>PolyEngine</Filter>
    </ClInclude>
    <ClInclude Include="src\PolyEngine\Core.h">
      <Filter>PolyEngine</Filter>
    </ClInclude>
    <ClInclude Include="src\PolyEngine\EntryPoint.h">
      <Filter>PolyEngine</Filter>
    </ClInclude>
    <ClInclude Include="src\PolyEngine\Events\ApplicationEvent.h">
      <Filter>PolyEngine\Events</Filter>
    </ClInclude>
    <ClInclude Include="src\PolyEngine\Events\Event.h">
      <Filter>PolyEngine\Events</Filter>
    </ClInclude>
    <ClInclude Include="src\PolyEngine\Events\KeyEvent.h">
      <Filter>PolyEngine\Events</Filter>
    </ClInclude>
    <ClInclude Include="src\PolyEngine\Events\MouseEvent.h">
      <Filter>PolyEngine\Events</Filter>
    </ClInclude>
    <ClInclude Include="src\PolyEngine\ImGui\ImGuiLayer.h">
      <Filter>PolyEngine\ImGui</Filter>
    </ClInclude>
    <ClInclude Include="src\PolyEngine\Layer.h">
      <Filter>PolyEngine</Filter>
    </ClInclude>
    <ClInclude Include="src\PolyEngine\LayerStack.h">
      <Filter>PolyEngine</Filter>
    </ClInclude>
    <ClInclude Include="src\PolyEngine\Log.h">
      <Filter>PolyEngine</Filter>
    </ClInclude>
    <ClInclude Include="src\PolyEngine\Window.h">
      <Filter>PolyEngine</Filter>
    </ClInclude>
    <ClInclude Include="src\pepch.h" />
    <ClInclude Include="src\PolyEngine\Input.h" />
    <ClInclude Include="src\Platform\Windows\WindowsInput.h" />
  </ItemGroup>
  <ItemGroup>
    <ClCompile Include="src\Platform\OpenGL\ImGuiOpenGLRenderer.cpp">
      <Filter>Platform\OpenGL</Filter>
    </ClCompile>
    <ClCompile Include="src\Platform\Windows\WindowsWindow.cpp">
      <Filter>Platform\Windows</Filter>
    </ClCompile>
    <ClCompile Include="src\PolyEngine\Application.cpp">
      <Filter>PolyEngine</Filter>
    </ClCompile>
    <ClCompile Include="src\PolyEngine\ImGui\ImGuiLayer.cpp">
      <Filter>PolyEngine\ImGui</Filter>
    </ClCompile>
    <ClCompile Include="src\PolyEngine\Layer.cpp">
      <Filter>PolyEngine</Filter>
    </ClCompile>
    <ClCompile Include="src\PolyEngine\LayerStack.cpp">
      <Filter>PolyEngine</Filter>
    </ClCompile>
    <ClCompile Include="src\PolyEngine\Log.cpp">
      <Filter>PolyEngine</Filter>
    </ClCompile>
    <ClCompile Include="src\pepch.cpp" />
    <ClCompile Include="src\Platform\Windows\WindowsInput.cpp" />
  </ItemGroup>
</Project>